// !$*UTF8*$!
{
	archiveVersion = 1;
	classes = {
	};
	objectVersion = 46;
	objects = {

/* Begin PBXBuildFile section */
		172274A01C9F3B0200C1A59D /* Networking.swift in Sources */ = {isa = PBXBuildFile; fileRef = 1722749F1C9F3B0200C1A59D /* Networking.swift */; };
		172CD8211C9E2CF20053E955 /* AppDelegate.swift in Sources */ = {isa = PBXBuildFile; fileRef = 172CD8201C9E2CF20053E955 /* AppDelegate.swift */; };
		172CD8231C9E2CF20053E955 /* ViewController.swift in Sources */ = {isa = PBXBuildFile; fileRef = 172CD8221C9E2CF20053E955 /* ViewController.swift */; };
		172CD8261C9E2CF20053E955 /* Main.storyboard in Resources */ = {isa = PBXBuildFile; fileRef = 172CD8241C9E2CF20053E955 /* Main.storyboard */; };
		172CD8281C9E2CF20053E955 /* Assets.xcassets in Resources */ = {isa = PBXBuildFile; fileRef = 172CD8271C9E2CF20053E955 /* Assets.xcassets */; };
		172CD82B1C9E2CF20053E955 /* LaunchScreen.storyboard in Resources */ = {isa = PBXBuildFile; fileRef = 172CD8291C9E2CF20053E955 /* LaunchScreen.storyboard */; };
		174E76D21CBCEDD900CB5186 /* Helper.swift in Sources */ = {isa = PBXBuildFile; fileRef = 174E76D11CBCEDD900CB5186 /* Helper.swift */; };
		174E76DA1CBCF78C00CB5186 /* Quick_CoffeeTests.swift in Sources */ = {isa = PBXBuildFile; fileRef = 174E76D91CBCF78C00CB5186 /* Quick_CoffeeTests.swift */; };
		174E76E41CBCF88000CB5186 /* NetworkingTests.swift in Sources */ = {isa = PBXBuildFile; fileRef = 174E76E31CBCF88000CB5186 /* NetworkingTests.swift */; };
		174E76F11CBCFEF100CB5186 /* Networking.swift in Sources */ = {isa = PBXBuildFile; fileRef = 1722749F1C9F3B0200C1A59D /* Networking.swift */; };
		1753B37F1CA5B5F7009F9423 /* SearchViewController.swift in Sources */ = {isa = PBXBuildFile; fileRef = 1753B37E1CA5B5F7009F9423 /* SearchViewController.swift */; };
		176FA87D1CA6078300BF9841 /* VenuesTableViewDataSource.swift in Sources */ = {isa = PBXBuildFile; fileRef = 176FA87C1CA6078300BF9841 /* VenuesTableViewDataSource.swift */; };
		177DFF121CA40EF100673B20 /* CollectionViewDatasource.swift in Sources */ = {isa = PBXBuildFile; fileRef = 177DFF111CA40EF100673B20 /* CollectionViewDatasource.swift */; };
		177DFF161CA4336600673B20 /* CategoryViewController.swift in Sources */ = {isa = PBXBuildFile; fileRef = 177DFF151CA4336600673B20 /* CategoryViewController.swift */; };
		17B3CBEA1CA0FA19002A5790 /* PhotosViewController.swift in Sources */ = {isa = PBXBuildFile; fileRef = 17B3CBE91CA0FA19002A5790 /* PhotosViewController.swift */; };
		17B3CBEF1CA135C9002A5790 /* PhotosPageViewController.swift in Sources */ = {isa = PBXBuildFile; fileRef = 17B3CBEE1CA135C9002A5790 /* PhotosPageViewController.swift */; };
		17B3CBF11CA1384C002A5790 /* PageItemController.swift in Sources */ = {isa = PBXBuildFile; fileRef = 17B3CBF01CA1384C002A5790 /* PageItemController.swift */; };
		17D0AA511CA76C2E004FAF8C /* VenueTableViewController.swift in Sources */ = {isa = PBXBuildFile; fileRef = 17D0AA501CA76C2E004FAF8C /* VenueTableViewController.swift */; };
		17D0AA541CA77946004FAF8C /* Venues.storyboard in Resources */ = {isa = PBXBuildFile; fileRef = 17D0AA531CA77946004FAF8C /* Venues.storyboard */; };
		17D0AA561CAC4228004FAF8C /* UserLocationManager.swift in Sources */ = {isa = PBXBuildFile; fileRef = 17D0AA551CAC4228004FAF8C /* UserLocationManager.swift */; };
		17E871991C9F89B8006D5926 /* Venue.swift in Sources */ = {isa = PBXBuildFile; fileRef = 17E871981C9F89B8006D5926 /* Venue.swift */; };
		17E8719B1C9F8D85006D5926 /* VenueTableCell.swift in Sources */ = {isa = PBXBuildFile; fileRef = 17E8719A1C9F8D85006D5926 /* VenueTableCell.swift */; };
		17E8719D1C9FC6AC006D5926 /* DetailViewController.swift in Sources */ = {isa = PBXBuildFile; fileRef = 17E8719C1C9FC6AC006D5926 /* DetailViewController.swift */; };
		17E8719F1C9FE553006D5926 /* MapView.swift in Sources */ = {isa = PBXBuildFile; fileRef = 17E8719E1C9FE553006D5926 /* MapView.swift */; };
		17E871A11C9FFAA5006D5926 /* PhotosCell.swift in Sources */ = {isa = PBXBuildFile; fileRef = 17E871A01C9FFAA5006D5926 /* PhotosCell.swift */; };
/* End PBXBuildFile section */

/* Begin PBXContainerItemProxy section */
		174E76DC1CBCF78C00CB5186 /* PBXContainerItemProxy */ = {
			isa = PBXContainerItemProxy;
			containerPortal = 172CD8151C9E2CF20053E955 /* Project object */;
			proxyType = 1;
			remoteGlobalIDString = 172CD81C1C9E2CF20053E955;
			remoteInfo = "Quick-Coffee";
		};
/* End PBXContainerItemProxy section */

/* Begin PBXFileReference section */
		1722749F1C9F3B0200C1A59D /* Networking.swift */ = {isa = PBXFileReference; fileEncoding = 4; lastKnownFileType = sourcecode.swift; path = Networking.swift; sourceTree = "<group>"; };
		172CD81D1C9E2CF20053E955 /* Quick-Coffee.app */ = {isa = PBXFileReference; explicitFileType = wrapper.application; includeInIndex = 0; path = "Quick-Coffee.app"; sourceTree = BUILT_PRODUCTS_DIR; };
		172CD8201C9E2CF20053E955 /* AppDelegate.swift */ = {isa = PBXFileReference; lastKnownFileType = sourcecode.swift; path = AppDelegate.swift; sourceTree = "<group>"; };
		172CD8221C9E2CF20053E955 /* ViewController.swift */ = {isa = PBXFileReference; lastKnownFileType = sourcecode.swift; path = ViewController.swift; sourceTree = "<group>"; };
		172CD8251C9E2CF20053E955 /* Base */ = {isa = PBXFileReference; lastKnownFileType = file.storyboard; name = Base; path = Base.lproj/Main.storyboard; sourceTree = "<group>"; };
		172CD8271C9E2CF20053E955 /* Assets.xcassets */ = {isa = PBXFileReference; lastKnownFileType = folder.assetcatalog; path = Assets.xcassets; sourceTree = "<group>"; };
		172CD82A1C9E2CF20053E955 /* Base */ = {isa = PBXFileReference; lastKnownFileType = file.storyboard; name = Base; path = Base.lproj/LaunchScreen.storyboard; sourceTree = "<group>"; };
		172CD82C1C9E2CF20053E955 /* Info.plist */ = {isa = PBXFileReference; lastKnownFileType = text.plist.xml; path = Info.plist; sourceTree = "<group>"; };
		174E76D11CBCEDD900CB5186 /* Helper.swift */ = {isa = PBXFileReference; fileEncoding = 4; lastKnownFileType = sourcecode.swift; path = Helper.swift; sourceTree = "<group>"; };
		174E76D71CBCF78C00CB5186 /* Quick-CoffeeTests.xctest */ = {isa = PBXFileReference; explicitFileType = wrapper.cfbundle; includeInIndex = 0; path = "Quick-CoffeeTests.xctest"; sourceTree = BUILT_PRODUCTS_DIR; };
		174E76D91CBCF78C00CB5186 /* Quick_CoffeeTests.swift */ = {isa = PBXFileReference; lastKnownFileType = sourcecode.swift; path = Quick_CoffeeTests.swift; sourceTree = "<group>"; };
		174E76DB1CBCF78C00CB5186 /* Info.plist */ = {isa = PBXFileReference; lastKnownFileType = text.plist.xml; path = Info.plist; sourceTree = "<group>"; };
		174E76E31CBCF88000CB5186 /* NetworkingTests.swift */ = {isa = PBXFileReference; fileEncoding = 4; lastKnownFileType = sourcecode.swift; path = NetworkingTests.swift; sourceTree = "<group>"; };
		1753B37E1CA5B5F7009F9423 /* SearchViewController.swift */ = {isa = PBXFileReference; fileEncoding = 4; lastKnownFileType = sourcecode.swift; path = SearchViewController.swift; sourceTree = "<group>"; };
		176FA87C1CA6078300BF9841 /* VenuesTableViewDataSource.swift */ = {isa = PBXFileReference; fileEncoding = 4; lastKnownFileType = sourcecode.swift; path = VenuesTableViewDataSource.swift; sourceTree = "<group>"; };
		177DFF111CA40EF100673B20 /* CollectionViewDatasource.swift */ = {isa = PBXFileReference; fileEncoding = 4; lastKnownFileType = sourcecode.swift; path = CollectionViewDatasource.swift; sourceTree = "<group>"; };
		177DFF151CA4336600673B20 /* CategoryViewController.swift */ = {isa = PBXFileReference; fileEncoding = 4; lastKnownFileType = sourcecode.swift; path = CategoryViewController.swift; sourceTree = "<group>"; };
		17B3CBE91CA0FA19002A5790 /* PhotosViewController.swift */ = {isa = PBXFileReference; fileEncoding = 4; lastKnownFileType = sourcecode.swift; path = PhotosViewController.swift; sourceTree = "<group>"; };
		17B3CBEE1CA135C9002A5790 /* PhotosPageViewController.swift */ = {isa = PBXFileReference; fileEncoding = 4; lastKnownFileType = sourcecode.swift; path = PhotosPageViewController.swift; sourceTree = "<group>"; };
		17B3CBF01CA1384C002A5790 /* PageItemController.swift */ = {isa = PBXFileReference; fileEncoding = 4; lastKnownFileType = sourcecode.swift; path = PageItemController.swift; sourceTree = "<group>"; };
		17D0AA501CA76C2E004FAF8C /* VenueTableViewController.swift */ = {isa = PBXFileReference; fileEncoding = 4; lastKnownFileType = sourcecode.swift; path = VenueTableViewController.swift; sourceTree = "<group>"; };
		17D0AA531CA77946004FAF8C /* Venues.storyboard */ = {isa = PBXFileReference; fileEncoding = 4; lastKnownFileType = file.storyboard; path = Venues.storyboard; sourceTree = "<group>"; };
		17D0AA551CAC4228004FAF8C /* UserLocationManager.swift */ = {isa = PBXFileReference; fileEncoding = 4; lastKnownFileType = sourcecode.swift; path = UserLocationManager.swift; sourceTree = "<group>"; };
		17E871981C9F89B8006D5926 /* Venue.swift */ = {isa = PBXFileReference; fileEncoding = 4; lastKnownFileType = sourcecode.swift; path = Venue.swift; sourceTree = "<group>"; };
		17E8719A1C9F8D85006D5926 /* VenueTableCell.swift */ = {isa = PBXFileReference; fileEncoding = 4; lastKnownFileType = sourcecode.swift; path = VenueTableCell.swift; sourceTree = "<group>"; };
		17E8719C1C9FC6AC006D5926 /* DetailViewController.swift */ = {isa = PBXFileReference; fileEncoding = 4; lastKnownFileType = sourcecode.swift; path = DetailViewController.swift; sourceTree = "<group>"; };
		17E8719E1C9FE553006D5926 /* MapView.swift */ = {isa = PBXFileReference; fileEncoding = 4; lastKnownFileType = sourcecode.swift; path = MapView.swift; sourceTree = "<group>"; };
		17E871A01C9FFAA5006D5926 /* PhotosCell.swift */ = {isa = PBXFileReference; fileEncoding = 4; lastKnownFileType = sourcecode.swift; path = PhotosCell.swift; sourceTree = "<group>"; };
/* End PBXFileReference section */

/* Begin PBXFrameworksBuildPhase section */
		172CD81A1C9E2CF20053E955 /* Frameworks */ = {
			isa = PBXFrameworksBuildPhase;
			buildActionMask = 2147483647;
			files = (
			);
			runOnlyForDeploymentPostprocessing = 0;
		};
		174E76D41CBCF78C00CB5186 /* Frameworks */ = {
			isa = PBXFrameworksBuildPhase;
			buildActionMask = 2147483647;
			files = (
			);
			runOnlyForDeploymentPostprocessing = 0;
		};
/* End PBXFrameworksBuildPhase section */

/* Begin PBXGroup section */
		172CD8141C9E2CF20053E955 = {
			isa = PBXGroup;
			children = (
				172CD81F1C9E2CF20053E955 /* Quick-Coffee */,
				174E76D81CBCF78C00CB5186 /* Quick-CoffeeTests */,
				172CD81E1C9E2CF20053E955 /* Products */,
			);
			sourceTree = "<group>";
		};
		172CD81E1C9E2CF20053E955 /* Products */ = {
			isa = PBXGroup;
			children = (
				172CD81D1C9E2CF20053E955 /* Quick-Coffee.app */,
				174E76D71CBCF78C00CB5186 /* Quick-CoffeeTests.xctest */,
			);
			name = Products;
			sourceTree = "<group>";
		};
		172CD81F1C9E2CF20053E955 /* Quick-Coffee */ = {
			isa = PBXGroup;
			children = (
				172CD8201C9E2CF20053E955 /* AppDelegate.swift */,
				172CD8221C9E2CF20053E955 /* ViewController.swift */,
				17E8719A1C9F8D85006D5926 /* VenueTableCell.swift */,
				17E871981C9F89B8006D5926 /* Venue.swift */,
				17E8719C1C9FC6AC006D5926 /* DetailViewController.swift */,
				17E8719E1C9FE553006D5926 /* MapView.swift */,
				17E871A01C9FFAA5006D5926 /* PhotosCell.swift */,
				17B3CBE91CA0FA19002A5790 /* PhotosViewController.swift */,
				17B3CBEE1CA135C9002A5790 /* PhotosPageViewController.swift */,
				17B3CBF01CA1384C002A5790 /* PageItemController.swift */,
				177DFF151CA4336600673B20 /* CategoryViewController.swift */,
				1753B37E1CA5B5F7009F9423 /* SearchViewController.swift */,
				17D0AA501CA76C2E004FAF8C /* VenueTableViewController.swift */,
				176FA87C1CA6078300BF9841 /* VenuesTableViewDataSource.swift */,
				177DFF111CA40EF100673B20 /* CollectionViewDatasource.swift */,
				17D0AA551CAC4228004FAF8C /* UserLocationManager.swift */,
				1722749F1C9F3B0200C1A59D /* Networking.swift */,
				172CD8241C9E2CF20053E955 /* Main.storyboard */,
				17D0AA531CA77946004FAF8C /* Venues.storyboard */,
				172CD8271C9E2CF20053E955 /* Assets.xcassets */,
				172CD8291C9E2CF20053E955 /* LaunchScreen.storyboard */,
				172CD82C1C9E2CF20053E955 /* Info.plist */,
				174E76D11CBCEDD900CB5186 /* Helper.swift */,
			);
			path = "Quick-Coffee";
			sourceTree = "<group>";
		};
		174E76D81CBCF78C00CB5186 /* Quick-CoffeeTests */ = {
			isa = PBXGroup;
			children = (
				174E76D91CBCF78C00CB5186 /* Quick_CoffeeTests.swift */,
				174E76DB1CBCF78C00CB5186 /* Info.plist */,
				174E76E31CBCF88000CB5186 /* NetworkingTests.swift */,
			);
			path = "Quick-CoffeeTests";
			sourceTree = "<group>";
		};
/* End PBXGroup section */

/* Begin PBXNativeTarget section */
		172CD81C1C9E2CF20053E955 /* Quick-Coffee */ = {
			isa = PBXNativeTarget;
			buildConfigurationList = 172CD82F1C9E2CF20053E955 /* Build configuration list for PBXNativeTarget "Quick-Coffee" */;
			buildPhases = (
				172CD8191C9E2CF20053E955 /* Sources */,
				172CD81A1C9E2CF20053E955 /* Frameworks */,
				172CD81B1C9E2CF20053E955 /* Resources */,
			);
			buildRules = (
			);
			dependencies = (
			);
			name = "Quick-Coffee";
			productName = "Quick-Coffee";
			productReference = 172CD81D1C9E2CF20053E955 /* Quick-Coffee.app */;
			productType = "com.apple.product-type.application";
		};
		174E76D61CBCF78C00CB5186 /* Quick-CoffeeTests */ = {
			isa = PBXNativeTarget;
			buildConfigurationList = 174E76DE1CBCF78C00CB5186 /* Build configuration list for PBXNativeTarget "Quick-CoffeeTests" */;
			buildPhases = (
				174E76D31CBCF78C00CB5186 /* Sources */,
				174E76D41CBCF78C00CB5186 /* Frameworks */,
				174E76D51CBCF78C00CB5186 /* Resources */,
			);
			buildRules = (
			);
			dependencies = (
				174E76DD1CBCF78C00CB5186 /* PBXTargetDependency */,
			);
			name = "Quick-CoffeeTests";
			productName = "Quick-CoffeeTests";
			productReference = 174E76D71CBCF78C00CB5186 /* Quick-CoffeeTests.xctest */;
			productType = "com.apple.product-type.bundle.unit-test";
		};
/* End PBXNativeTarget section */

/* Begin PBXProject section */
		172CD8151C9E2CF20053E955 /* Project object */ = {
			isa = PBXProject;
			attributes = {
				LastSwiftUpdateCheck = 0730;
				LastUpgradeCheck = 0720;
				ORGANIZATIONNAME = "Ilone Labs";
				TargetAttributes = {
					172CD81C1C9E2CF20053E955 = {
						CreatedOnToolsVersion = 7.2.1;
						DevelopmentTeam = RGST57P8UR;
					};
					174E76D61CBCF78C00CB5186 = {
						CreatedOnToolsVersion = 7.3;
						DevelopmentTeam = RGST57P8UR;
						TestTargetID = 172CD81C1C9E2CF20053E955;
					};
				};
			};
			buildConfigurationList = 172CD8181C9E2CF20053E955 /* Build configuration list for PBXProject "Quick-Coffee" */;
			compatibilityVersion = "Xcode 3.2";
			developmentRegion = English;
			hasScannedForEncodings = 0;
			knownRegions = (
				en,
				Base,
			);
			mainGroup = 172CD8141C9E2CF20053E955;
			productRefGroup = 172CD81E1C9E2CF20053E955 /* Products */;
			projectDirPath = "";
			projectRoot = "";
			targets = (
				172CD81C1C9E2CF20053E955 /* Quick-Coffee */,
				174E76D61CBCF78C00CB5186 /* Quick-CoffeeTests */,
			);
		};
/* End PBXProject section */

/* Begin PBXResourcesBuildPhase section */
		172CD81B1C9E2CF20053E955 /* Resources */ = {
			isa = PBXResourcesBuildPhase;
			buildActionMask = 2147483647;
			files = (
				172CD82B1C9E2CF20053E955 /* LaunchScreen.storyboard in Resources */,
				172CD8281C9E2CF20053E955 /* Assets.xcassets in Resources */,
				17D0AA541CA77946004FAF8C /* Venues.storyboard in Resources */,
				172CD8261C9E2CF20053E955 /* Main.storyboard in Resources */,
			);
			runOnlyForDeploymentPostprocessing = 0;
		};
		174E76D51CBCF78C00CB5186 /* Resources */ = {
			isa = PBXResourcesBuildPhase;
			buildActionMask = 2147483647;
			files = (
			);
			runOnlyForDeploymentPostprocessing = 0;
		};
/* End PBXResourcesBuildPhase section */

/* Begin PBXSourcesBuildPhase section */
		172CD8191C9E2CF20053E955 /* Sources */ = {
			isa = PBXSourcesBuildPhase;
			buildActionMask = 2147483647;
			files = (
				1753B37F1CA5B5F7009F9423 /* SearchViewController.swift in Sources */,
				17B3CBEA1CA0FA19002A5790 /* PhotosViewController.swift in Sources */,
				176FA87D1CA6078300BF9841 /* VenuesTableViewDataSource.swift in Sources */,
				17D0AA511CA76C2E004FAF8C /* VenueTableViewController.swift in Sources */,
				17B3CBEF1CA135C9002A5790 /* PhotosPageViewController.swift in Sources */,
				174E76D21CBCEDD900CB5186 /* Helper.swift in Sources */,
				177DFF161CA4336600673B20 /* CategoryViewController.swift in Sources */,
				17E871A11C9FFAA5006D5926 /* PhotosCell.swift in Sources */,
				17E8719F1C9FE553006D5926 /* MapView.swift in Sources */,
				177DFF121CA40EF100673B20 /* CollectionViewDatasource.swift in Sources */,
				172274A01C9F3B0200C1A59D /* Networking.swift in Sources */,
				17B3CBF11CA1384C002A5790 /* PageItemController.swift in Sources */,
				17D0AA561CAC4228004FAF8C /* UserLocationManager.swift in Sources */,
				17E871991C9F89B8006D5926 /* Venue.swift in Sources */,
				172CD8231C9E2CF20053E955 /* ViewController.swift in Sources */,
				17E8719D1C9FC6AC006D5926 /* DetailViewController.swift in Sources */,
				172CD8211C9E2CF20053E955 /* AppDelegate.swift in Sources */,
				17E8719B1C9F8D85006D5926 /* VenueTableCell.swift in Sources */,
			);
			runOnlyForDeploymentPostprocessing = 0;
		};
		174E76D31CBCF78C00CB5186 /* Sources */ = {
			isa = PBXSourcesBuildPhase;
			buildActionMask = 2147483647;
			files = (
				174E76F11CBCFEF100CB5186 /* Networking.swift in Sources */,
				174E76DA1CBCF78C00CB5186 /* Quick_CoffeeTests.swift in Sources */,
				174E76E41CBCF88000CB5186 /* NetworkingTests.swift in Sources */,
			);
			runOnlyForDeploymentPostprocessing = 0;
		};
/* End PBXSourcesBuildPhase section */

/* Begin PBXTargetDependency section */
		174E76DD1CBCF78C00CB5186 /* PBXTargetDependency */ = {
			isa = PBXTargetDependency;
			target = 172CD81C1C9E2CF20053E955 /* Quick-Coffee */;
			targetProxy = 174E76DC1CBCF78C00CB5186 /* PBXContainerItemProxy */;
		};
/* End PBXTargetDependency section */

/* Begin PBXVariantGroup section */
		172CD8241C9E2CF20053E955 /* Main.storyboard */ = {
			isa = PBXVariantGroup;
			children = (
				172CD8251C9E2CF20053E955 /* Base */,
			);
			name = Main.storyboard;
			sourceTree = "<group>";
		};
		172CD8291C9E2CF20053E955 /* LaunchScreen.storyboard */ = {
			isa = PBXVariantGroup;
			children = (
				172CD82A1C9E2CF20053E955 /* Base */,
			);
			name = LaunchScreen.storyboard;
			sourceTree = "<group>";
		};
/* End PBXVariantGroup section */

/* Begin XCBuildConfiguration section */
		172CD82D1C9E2CF20053E955 /* Debug */ = {
			isa = XCBuildConfiguration;
			buildSettings = {
				ALWAYS_SEARCH_USER_PATHS = NO;
				CLANG_CXX_LANGUAGE_STANDARD = "gnu++0x";
				CLANG_CXX_LIBRARY = "libc++";
				CLANG_ENABLE_MODULES = YES;
				CLANG_ENABLE_OBJC_ARC = YES;
				CLANG_WARN_BOOL_CONVERSION = YES;
				CLANG_WARN_CONSTANT_CONVERSION = YES;
				CLANG_WARN_DIRECT_OBJC_ISA_USAGE = YES_ERROR;
				CLANG_WARN_EMPTY_BODY = YES;
				CLANG_WARN_ENUM_CONVERSION = YES;
				CLANG_WARN_INT_CONVERSION = YES;
				CLANG_WARN_OBJC_ROOT_CLASS = YES_ERROR;
				CLANG_WARN_UNREACHABLE_CODE = YES;
				CLANG_WARN__DUPLICATE_METHOD_MATCH = YES;
				"CODE_SIGN_IDENTITY[sdk=iphoneos*]" = "iPhone Developer";
				COPY_PHASE_STRIP = NO;
				DEBUG_INFORMATION_FORMAT = dwarf;
				ENABLE_STRICT_OBJC_MSGSEND = YES;
				ENABLE_TESTABILITY = YES;
				GCC_C_LANGUAGE_STANDARD = gnu99;
				GCC_DYNAMIC_NO_PIC = NO;
				GCC_NO_COMMON_BLOCKS = YES;
				GCC_OPTIMIZATION_LEVEL = 0;
				GCC_PREPROCESSOR_DEFINITIONS = (
					"DEBUG=1",
					"$(inherited)",
				);
				GCC_WARN_64_TO_32_BIT_CONVERSION = YES;
				GCC_WARN_ABOUT_RETURN_TYPE = YES_ERROR;
				GCC_WARN_UNDECLARED_SELECTOR = YES;
				GCC_WARN_UNINITIALIZED_AUTOS = YES_AGGRESSIVE;
				GCC_WARN_UNUSED_FUNCTION = YES;
				GCC_WARN_UNUSED_VARIABLE = YES;
				IPHONEOS_DEPLOYMENT_TARGET = 9.2;
				MTL_ENABLE_DEBUG_INFO = YES;
				ONLY_ACTIVE_ARCH = YES;
				SDKROOT = iphoneos;
				SWIFT_OPTIMIZATION_LEVEL = "-Onone";
			};
			name = Debug;
		};
		172CD82E1C9E2CF20053E955 /* Release */ = {
			isa = XCBuildConfiguration;
			buildSettings = {
				ALWAYS_SEARCH_USER_PATHS = NO;
				CLANG_CXX_LANGUAGE_STANDARD = "gnu++0x";
				CLANG_CXX_LIBRARY = "libc++";
				CLANG_ENABLE_MODULES = YES;
				CLANG_ENABLE_OBJC_ARC = YES;
				CLANG_WARN_BOOL_CONVERSION = YES;
				CLANG_WARN_CONSTANT_CONVERSION = YES;
				CLANG_WARN_DIRECT_OBJC_ISA_USAGE = YES_ERROR;
				CLANG_WARN_EMPTY_BODY = YES;
				CLANG_WARN_ENUM_CONVERSION = YES;
				CLANG_WARN_INT_CONVERSION = YES;
				CLANG_WARN_OBJC_ROOT_CLASS = YES_ERROR;
				CLANG_WARN_UNREACHABLE_CODE = YES;
				CLANG_WARN__DUPLICATE_METHOD_MATCH = YES;
				"CODE_SIGN_IDENTITY[sdk=iphoneos*]" = "iPhone Developer";
				COPY_PHASE_STRIP = NO;
				DEBUG_INFORMATION_FORMAT = "dwarf-with-dsym";
				ENABLE_NS_ASSERTIONS = NO;
				ENABLE_STRICT_OBJC_MSGSEND = YES;
				GCC_C_LANGUAGE_STANDARD = gnu99;
				GCC_NO_COMMON_BLOCKS = YES;
				GCC_WARN_64_TO_32_BIT_CONVERSION = YES;
				GCC_WARN_ABOUT_RETURN_TYPE = YES_ERROR;
				GCC_WARN_UNDECLARED_SELECTOR = YES;
				GCC_WARN_UNINITIALIZED_AUTOS = YES_AGGRESSIVE;
				GCC_WARN_UNUSED_FUNCTION = YES;
				GCC_WARN_UNUSED_VARIABLE = YES;
				IPHONEOS_DEPLOYMENT_TARGET = 9.2;
				MTL_ENABLE_DEBUG_INFO = NO;
				SDKROOT = iphoneos;
				VALIDATE_PRODUCT = YES;
			};
			name = Release;
		};
		172CD8301C9E2CF20053E955 /* Debug */ = {
			isa = XCBuildConfiguration;
			buildSettings = {
				ASSETCATALOG_COMPILER_APPICON_NAME = AppIcon;
				INFOPLIST_FILE = "Quick-Coffee/Info.plist";
				LD_RUNPATH_SEARCH_PATHS = "$(inherited) @executable_path/Frameworks";
				PRODUCT_BUNDLE_IDENTIFIER = "com.irfanprograms.Quick-Coffee";
				PRODUCT_NAME = "$(TARGET_NAME)";
			};
			name = Debug;
		};
		172CD8311C9E2CF20053E955 /* Release */ = {
			isa = XCBuildConfiguration;
			buildSettings = {
				ASSETCATALOG_COMPILER_APPICON_NAME = AppIcon;
				INFOPLIST_FILE = "Quick-Coffee/Info.plist";
				LD_RUNPATH_SEARCH_PATHS = "$(inherited) @executable_path/Frameworks";
				PRODUCT_BUNDLE_IDENTIFIER = "com.irfanprograms.Quick-Coffee";
				PRODUCT_NAME = "$(TARGET_NAME)";
			};
			name = Release;
		};
		174E76DF1CBCF78C00CB5186 /* Debug */ = {
			isa = XCBuildConfiguration;
			buildSettings = {
				BUNDLE_LOADER = "$(TEST_HOST)";
				CLANG_ANALYZER_NONNULL = YES;
				INFOPLIST_FILE = "Quick-CoffeeTests/Info.plist";
				IPHONEOS_DEPLOYMENT_TARGET = 9.3;
				LD_RUNPATH_SEARCH_PATHS = "$(inherited) @executable_path/Frameworks @loader_path/Frameworks";
				PRODUCT_BUNDLE_IDENTIFIER = "com.irfanprograms.Quick-CoffeeTests";
				PRODUCT_NAME = "$(TARGET_NAME)";
				TEST_HOST = "$(BUILT_PRODUCTS_DIR)/Quick-Coffee.app/Quick-Coffee";
			};
			name = Debug;
		};
		174E76E01CBCF78C00CB5186 /* Release */ = {
			isa = XCBuildConfiguration;
			buildSettings = {
				BUNDLE_LOADER = "$(TEST_HOST)";
				CLANG_ANALYZER_NONNULL = YES;
				INFOPLIST_FILE = "Quick-CoffeeTests/Info.plist";
				IPHONEOS_DEPLOYMENT_TARGET = 9.3;
				LD_RUNPATH_SEARCH_PATHS = "$(inherited) @executable_path/Frameworks @loader_path/Frameworks";
				PRODUCT_BUNDLE_IDENTIFIER = "com.irfanprograms.Quick-CoffeeTests";
				PRODUCT_NAME = "$(TARGET_NAME)";
				TEST_HOST = "$(BUILT_PRODUCTS_DIR)/Quick-Coffee.app/Quick-Coffee";
			};
			name = Release;
		};
/* End XCBuildConfiguration section */

/* Begin XCConfigurationList section */
		172CD8181C9E2CF20053E955 /* Build configuration list for PBXProject "Quick-Coffee" */ = {
			isa = XCConfigurationList;
			buildConfigurations = (
				172CD82D1C9E2CF20053E955 /* Debug */,
				172CD82E1C9E2CF20053E955 /* Release */,
			);
			defaultConfigurationIsVisible = 0;
			defaultConfigurationName = Release;
		};
		172CD82F1C9E2CF20053E955 /* Build configuration list for PBXNativeTarget "Quick-Coffee" */ = {
			isa = XCConfigurationList;
			buildConfigurations = (
				172CD8301C9E2CF20053E955 /* Debug */,
				172CD8311C9E2CF20053E955 /* Release */,
			);
			defaultConfigurationIsVisible = 0;
			defaultConfigurationName = Release;
		};
		174E76DE1CBCF78C00CB5186 /* Build configuration list for PBXNativeTarget "Quick-CoffeeTests" */ = {
			isa = XCConfigurationList;
			buildConfigurations = (
				174E76DF1CBCF78C00CB5186 /* Debug */,
				174E76E01CBCF78C00CB5186 /* Release */,
			);
			defaultConfigurationIsVisible = 0;
		};
/* End XCConfigurationList section */
	};
	rootObject = 172CD8151C9E2CF20053E955 /* Project object */;
}
